
Microsoft Visual Studio Solution File, Format Version 12.00
# Visual Studio Version 16
VisualStudioVersion = 16.0.30907.101
MinimumVisualStudioVersion = 10.0.40219.1
Project("{FAE04EC0-301F-11D3-BF4B-00C04F79EFBC}") = "TwinPrimeNumbers", "ikizAsallar\TwinPrimeNumbers.csproj", "{6CCCE95B-956B-4AC9-A24A-4A78CFE02786}"
EndProject
Global
	GlobalSection(SolutionConfigurationPlatforms) = preSolution
		Debug|Any CPU = Debug|Any CPU
		Release|Any CPU = Release|Any CPU
	EndGlobalSection
	GlobalSection(ProjectConfigurationPlatforms) = postSolution
		{6CCCE95B-956B-4AC9-A24A-4A78CFE02786}.Debug|Any CPU.ActiveCfg = Debug|Any CPU
		{6CCCE95B-956B-4AC9-A24A-4A78CFE02786}.Debug|Any CPU.Build.0 = Debug|Any CPU
		{6CCCE95B-956B-4AC9-A24A-4A78CFE02786}.Release|Any CPU.ActiveCfg = Release|Any CPU
		{6CCCE95B-956B-4AC9-A24A-4A78CFE02786}.Release|Any CPU.Build.0 = Release|Any CPU
	EndGlobalSection
	GlobalSection(SolutionProperties) = preSolution
		HideSolutionNode = FALSE
	EndGlobalSection
	GlobalSection(ExtensibilityGlobals) = postSolution
		SolutionGuid = {2DC677D1-43E8-4C8A-AE7D-71B79AB8C663}
	EndGlobalSection
EndGlobal
